// !$*UTF8*$!
{
	archiveVersion = 1;
	classes = {
	};
	objectVersion = 56;
	objects = {

/* Begin PBXBuildFile section */
		D7272CF62A4A50AC009CE395 /* ToDoListApp.swift in Sources */ = {isa = PBXBuildFile; fileRef = D7272CF52A4A50AC009CE395 /* ToDoListApp.swift */; };
		D7272CF82A4A50AC009CE395 /* MainView.swift in Sources */ = {isa = PBXBuildFile; fileRef = D7272CF72A4A50AC009CE395 /* MainView.swift */; };
		D7272CFA2A4A50AE009CE395 /* Assets.xcassets in Resources */ = {isa = PBXBuildFile; fileRef = D7272CF92A4A50AE009CE395 /* Assets.xcassets */; };
		D7272CFD2A4A50AE009CE395 /* Preview Assets.xcassets in Resources */ = {isa = PBXBuildFile; fileRef = D7272CFC2A4A50AE009CE395 /* Preview Assets.xcassets */; };
		D7272D052A4BB6CE009CE395 /* FirebaseAuth in Frameworks */ = {isa = PBXBuildFile; productRef = D7272D042A4BB6CE009CE395 /* FirebaseAuth */; };
		D7272D072A4BB6CE009CE395 /* FirebaseFirestore in Frameworks */ = {isa = PBXBuildFile; productRef = D7272D062A4BB6CE009CE395 /* FirebaseFirestore */; };
		D7272D092A4BB6CE009CE395 /* FirebaseFirestoreSwift in Frameworks */ = {isa = PBXBuildFile; productRef = D7272D082A4BB6CE009CE395 /* FirebaseFirestoreSwift */; };
		D7272D0B2A4BBB08009CE395 /* GoogleService-Info.plist in Resources */ = {isa = PBXBuildFile; fileRef = D7272D0A2A4BBB07009CE395 /* GoogleService-Info.plist */; };
		D7272D112A4C8671009CE395 /* ProfileView.swift in Sources */ = {isa = PBXBuildFile; fileRef = D7272D102A4C8671009CE395 /* ProfileView.swift */; };
		D7272D132A4C8760009CE395 /* ToDoListView.swift in Sources */ = {isa = PBXBuildFile; fileRef = D7272D122A4C8760009CE395 /* ToDoListView.swift */; };
		D7272D152A4E0608009CE395 /* NewItemView.swift in Sources */ = {isa = PBXBuildFile; fileRef = D7272D142A4E0608009CE395 /* NewItemView.swift */; };
		D7272D172A4E061C009CE395 /* LoginView.swift in Sources */ = {isa = PBXBuildFile; fileRef = D7272D162A4E061C009CE395 /* LoginView.swift */; };
		D7272D192A4F3683009CE395 /* RegisterView.swift in Sources */ = {isa = PBXBuildFile; fileRef = D7272D182A4F3683009CE395 /* RegisterView.swift */; };
		D7272D1B2A4F369E009CE395 /* ToDoListItemView.swift in Sources */ = {isa = PBXBuildFile; fileRef = D7272D1A2A4F369E009CE395 /* ToDoListItemView.swift */; };
		D7272D1D2A50D340009CE395 /* User.swift in Sources */ = {isa = PBXBuildFile; fileRef = D7272D1C2A50D340009CE395 /* User.swift */; };
		D7272D1F2A50D394009CE395 /* ToDoListItem.swift in Sources */ = {isa = PBXBuildFile; fileRef = D7272D1E2A50D394009CE395 /* ToDoListItem.swift */; };
		D7272D212A5242A9009CE395 /* MainViewViewModel.swift in Sources */ = {isa = PBXBuildFile; fileRef = D7272D202A5242A9009CE395 /* MainViewViewModel.swift */; };
		D7272D232A5242C9009CE395 /* ProfileViewViewModel.swift in Sources */ = {isa = PBXBuildFile; fileRef = D7272D222A5242C9009CE395 /* ProfileViewViewModel.swift */; };
		D7272D252A5242FB009CE395 /* ToDoListViewViewModel.swift in Sources */ = {isa = PBXBuildFile; fileRef = D7272D242A5242FB009CE395 /* ToDoListViewViewModel.swift */; };
		D7272D272A524315009CE395 /* NewItemViewViewModel.swift in Sources */ = {isa = PBXBuildFile; fileRef = D7272D262A524315009CE395 /* NewItemViewViewModel.swift */; };
		D7272D292A52432C009CE395 /* LoginViewViewModel.swift in Sources */ = {isa = PBXBuildFile; fileRef = D7272D282A52432C009CE395 /* LoginViewViewModel.swift */; };
		D7272D2B2A524350009CE395 /* RegisterViewViewModel.swift in Sources */ = {isa = PBXBuildFile; fileRef = D7272D2A2A524350009CE395 /* RegisterViewViewModel.swift */; };
		D7272D2D2A52436B009CE395 /* ToDoListItemViewViewModel.swift in Sources */ = {isa = PBXBuildFile; fileRef = D7272D2C2A52436B009CE395 /* ToDoListItemViewViewModel.swift */; };
/* End PBXBuildFile section */

/* Begin PBXFileReference section */
		D7272CF22A4A50AC009CE395 /* ToDoList.app */ = {isa = PBXFileReference; explicitFileType = wrapper.application; includeInIndex = 0; path = ToDoList.app; sourceTree = BUILT_PRODUCTS_DIR; };
		D7272CF52A4A50AC009CE395 /* ToDoListApp.swift */ = {isa = PBXFileReference; lastKnownFileType = sourcecode.swift; path = ToDoListApp.swift; sourceTree = "<group>"; };
		D7272CF72A4A50AC009CE395 /* MainView.swift */ = {isa = PBXFileReference; lastKnownFileType = sourcecode.swift; path = MainView.swift; sourceTree = "<group>"; };
		D7272CF92A4A50AE009CE395 /* Assets.xcassets */ = {isa = PBXFileReference; lastKnownFileType = folder.assetcatalog; path = Assets.xcassets; sourceTree = "<group>"; };
		D7272CFC2A4A50AE009CE395 /* Preview Assets.xcassets */ = {isa = PBXFileReference; lastKnownFileType = folder.assetcatalog; path = "Preview Assets.xcassets"; sourceTree = "<group>"; };
		D7272D0A2A4BBB07009CE395 /* GoogleService-Info.plist */ = {isa = PBXFileReference; fileEncoding = 4; lastKnownFileType = text.plist.xml; path = "GoogleService-Info.plist"; sourceTree = "<group>"; };
		D7272D102A4C8671009CE395 /* ProfileView.swift */ = {isa = PBXFileReference; lastKnownFileType = sourcecode.swift; path = ProfileView.swift; sourceTree = "<group>"; };
		D7272D122A4C8760009CE395 /* ToDoListView.swift */ = {isa = PBXFileReference; lastKnownFileType = sourcecode.swift; path = ToDoListView.swift; sourceTree = "<group>"; };
		D7272D142A4E0608009CE395 /* NewItemView.swift */ = {isa = PBXFileReference; lastKnownFileType = sourcecode.swift; path = NewItemView.swift; sourceTree = "<group>"; };
		D7272D162A4E061C009CE395 /* LoginView.swift */ = {isa = PBXFileReference; lastKnownFileType = sourcecode.swift; path = LoginView.swift; sourceTree = "<group>"; };
		D7272D182A4F3683009CE395 /* RegisterView.swift */ = {isa = PBXFileReference; lastKnownFileType = sourcecode.swift; path = RegisterView.swift; sourceTree = "<group>"; };
		D7272D1A2A4F369E009CE395 /* ToDoListItemView.swift */ = {isa = PBXFileReference; lastKnownFileType = sourcecode.swift; path = ToDoListItemView.swift; sourceTree = "<group>"; };
		D7272D1C2A50D340009CE395 /* User.swift */ = {isa = PBXFileReference; lastKnownFileType = sourcecode.swift; path = User.swift; sourceTree = "<group>"; };
		D7272D1E2A50D394009CE395 /* ToDoListItem.swift */ = {isa = PBXFileReference; lastKnownFileType = sourcecode.swift; path = ToDoListItem.swift; sourceTree = "<group>"; };
		D7272D202A5242A9009CE395 /* MainViewViewModel.swift */ = {isa = PBXFileReference; lastKnownFileType = sourcecode.swift; path = MainViewViewModel.swift; sourceTree = "<group>"; };
		D7272D222A5242C9009CE395 /* ProfileViewViewModel.swift */ = {isa = PBXFileReference; lastKnownFileType = sourcecode.swift; path = ProfileViewViewModel.swift; sourceTree = "<group>"; };
		D7272D242A5242FB009CE395 /* ToDoListViewViewModel.swift */ = {isa = PBXFileReference; lastKnownFileType = sourcecode.swift; path = ToDoListViewViewModel.swift; sourceTree = "<group>"; };
		D7272D262A524315009CE395 /* NewItemViewViewModel.swift */ = {isa = PBXFileReference; lastKnownFileType = sourcecode.swift; path = NewItemViewViewModel.swift; sourceTree = "<group>"; };
		D7272D282A52432C009CE395 /* LoginViewViewModel.swift */ = {isa = PBXFileReference; lastKnownFileType = sourcecode.swift; path = LoginViewViewModel.swift; sourceTree = "<group>"; };
		D7272D2A2A524350009CE395 /* RegisterViewViewModel.swift */ = {isa = PBXFileReference; lastKnownFileType = sourcecode.swift; path = RegisterViewViewModel.swift; sourceTree = "<group>"; };
		D7272D2C2A52436B009CE395 /* ToDoListItemViewViewModel.swift */ = {isa = PBXFileReference; lastKnownFileType = sourcecode.swift; path = ToDoListItemViewViewModel.swift; sourceTree = "<group>"; };
/* End PBXFileReference section */

/* Begin PBXFrameworksBuildPhase section */
		D7272CEF2A4A50AC009CE395 /* Frameworks */ = {
			isa = PBXFrameworksBuildPhase;
			buildActionMask = 2147483647;
			files = (
				D7272D052A4BB6CE009CE395 /* FirebaseAuth in Frameworks */,
				D7272D072A4BB6CE009CE395 /* FirebaseFirestore in Frameworks */,
				D7272D092A4BB6CE009CE395 /* FirebaseFirestoreSwift in Frameworks */,
			);
			runOnlyForDeploymentPostprocessing = 0;
		};
/* End PBXFrameworksBuildPhase section */

/* Begin PBXGroup section */
		D7272CE92A4A50AC009CE395 = {
			isa = PBXGroup;
			children = (
				D7272CF42A4A50AC009CE395 /* ToDoList */,
				D7272CF32A4A50AC009CE395 /* Products */,
			);
			sourceTree = "<group>";
		};
		D7272CF32A4A50AC009CE395 /* Products */ = {
			isa = PBXGroup;
			children = (
				D7272CF22A4A50AC009CE395 /* ToDoList.app */,
			);
			name = Products;
			sourceTree = "<group>";
		};
		D7272CF42A4A50AC009CE395 /* ToDoList */ = {
			isa = PBXGroup;
			children = (
				D7272D0F2A4BC114009CE395 /* Other */,
				D7272D0E2A4BC0FA009CE395 /* Models */,
				D7272D0D2A4BC0E9009CE395 /* ViewModels */,
				D7272D0C2A4BC0CF009CE395 /* Views */,
				D7272CFB2A4A50AE009CE395 /* Preview Content */,
			);
			path = ToDoList;
			sourceTree = "<group>";
		};
		D7272CFB2A4A50AE009CE395 /* Preview Content */ = {
			isa = PBXGroup;
			children = (
				D7272CFC2A4A50AE009CE395 /* Preview Assets.xcassets */,
			);
			path = "Preview Content";
			sourceTree = "<group>";
		};
		D7272D0C2A4BC0CF009CE395 /* Views */ = {
			isa = PBXGroup;
			children = (
				D7272CF72A4A50AC009CE395 /* MainView.swift */,
				D7272D102A4C8671009CE395 /* ProfileView.swift */,
				D7272D122A4C8760009CE395 /* ToDoListView.swift */,
				D7272D142A4E0608009CE395 /* NewItemView.swift */,
				D7272D162A4E061C009CE395 /* LoginView.swift */,
				D7272D182A4F3683009CE395 /* RegisterView.swift */,
				D7272D1A2A4F369E009CE395 /* ToDoListItemView.swift */,
			);
			path = Views;
			sourceTree = "<group>";
		};
		D7272D0D2A4BC0E9009CE395 /* ViewModels */ = {
			isa = PBXGroup;
			children = (
				D7272D202A5242A9009CE395 /* MainViewViewModel.swift */,
				D7272D222A5242C9009CE395 /* ProfileViewViewModel.swift */,
				D7272D242A5242FB009CE395 /* ToDoListViewViewModel.swift */,
				D7272D262A524315009CE395 /* NewItemViewViewModel.swift */,
				D7272D282A52432C009CE395 /* LoginViewViewModel.swift */,
				D7272D2A2A524350009CE395 /* RegisterViewViewModel.swift */,
				D7272D2C2A52436B009CE395 /* ToDoListItemViewViewModel.swift */,
			);
			path = ViewModels;
			sourceTree = "<group>";
		};
		D7272D0E2A4BC0FA009CE395 /* Models */ = {
			isa = PBXGroup;
			children = (
				D7272D1C2A50D340009CE395 /* User.swift */,
				D7272D1E2A50D394009CE395 /* ToDoListItem.swift */,
			);
			path = Models;
			sourceTree = "<group>";
		};
		D7272D0F2A4BC114009CE395 /* Other */ = {
			isa = PBXGroup;
			children = (
				D7272D0A2A4BBB07009CE395 /* GoogleService-Info.plist */,
				D7272CF52A4A50AC009CE395 /* ToDoListApp.swift */,
				D7272CF92A4A50AE009CE395 /* Assets.xcassets */,
			);
			path = Other;
			sourceTree = "<group>";
		};
/* End PBXGroup section */

/* Begin PBXNativeTarget section */
		D7272CF12A4A50AC009CE395 /* ToDoList */ = {
			isa = PBXNativeTarget;
			buildConfigurationList = D7272D002A4A50AE009CE395 /* Build configuration list for PBXNativeTarget "ToDoList" */;
			buildPhases = (
				D7272CEE2A4A50AC009CE395 /* Sources */,
				D7272CEF2A4A50AC009CE395 /* Frameworks */,
				D7272CF02A4A50AC009CE395 /* Resources */,
			);
			buildRules = (
			);
			dependencies = (
			);
			name = ToDoList;
			packageProductDependencies = (
				D7272D042A4BB6CE009CE395 /* FirebaseAuth */,
				D7272D062A4BB6CE009CE395 /* FirebaseFirestore */,
				D7272D082A4BB6CE009CE395 /* FirebaseFirestoreSwift */,
			);
			productName = ToDoList;
			productReference = D7272CF22A4A50AC009CE395 /* ToDoList.app */;
			productType = "com.apple.product-type.application";
		};
/* End PBXNativeTarget section */

/* Begin PBXProject section */
		D7272CEA2A4A50AC009CE395 /* Project object */ = {
			isa = PBXProject;
			attributes = {
				BuildIndependentTargetsInParallel = 1;
				LastSwiftUpdateCheck = 1430;
				LastUpgradeCheck = 1430;
				TargetAttributes = {
					D7272CF12A4A50AC009CE395 = {
						CreatedOnToolsVersion = 14.3.1;
					};
				};
			};
			buildConfigurationList = D7272CED2A4A50AC009CE395 /* Build configuration list for PBXProject "ToDoList" */;
			compatibilityVersion = "Xcode 14.0";
			developmentRegion = en;
			hasScannedForEncodings = 0;
			knownRegions = (
				en,
				Base,
			);
			mainGroup = D7272CE92A4A50AC009CE395;
			packageReferences = (
				D7272D032A4BB6CE009CE395 /* XCRemoteSwiftPackageReference "firebase-ios-sdk" */,
			);
			productRefGroup = D7272CF32A4A50AC009CE395 /* Products */;
			projectDirPath = "";
			projectRoot = "";
			targets = (
				D7272CF12A4A50AC009CE395 /* ToDoList */,
			);
		};
/* End PBXProject section */

/* Begin PBXResourcesBuildPhase section */
		D7272CF02A4A50AC009CE395 /* Resources */ = {
			isa = PBXResourcesBuildPhase;
			buildActionMask = 2147483647;
			files = (
				D7272CFD2A4A50AE009CE395 /* Preview Assets.xcassets in Resources */,
				D7272CFA2A4A50AE009CE395 /* Assets.xcassets in Resources */,
				D7272D0B2A4BBB08009CE395 /* GoogleService-Info.plist in Resources */,
			);
			runOnlyForDeploymentPostprocessing = 0;
		};
/* End PBXResourcesBuildPhase section */

/* Begin PBXSourcesBuildPhase section */
		D7272CEE2A4A50AC009CE395 /* Sources */ = {
			isa = PBXSourcesBuildPhase;
			buildActionMask = 2147483647;
			files = (
				D7272D172A4E061C009CE395 /* LoginView.swift in Sources */,
				D7272CF82A4A50AC009CE395 /* MainView.swift in Sources */,
				D7272D2B2A524350009CE395 /* RegisterViewViewModel.swift in Sources */,
				D7272D212A5242A9009CE395 /* MainViewViewModel.swift in Sources */,
				D7272D112A4C8671009CE395 /* ProfileView.swift in Sources */,
				D7272D192A4F3683009CE395 /* RegisterView.swift in Sources */,
				D7272D232A5242C9009CE395 /* ProfileViewViewModel.swift in Sources */,
				D7272D132A4C8760009CE395 /* ToDoListView.swift in Sources */,
				D7272D1D2A50D340009CE395 /* User.swift in Sources */,
				D7272D1B2A4F369E009CE395 /* ToDoListItemView.swift in Sources */,
				D7272D252A5242FB009CE395 /* ToDoListViewViewModel.swift in Sources */,
				D7272D292A52432C009CE395 /* LoginViewViewModel.swift in Sources */,
				D7272CF62A4A50AC009CE395 /* ToDoListApp.swift in Sources */,
				D7272D1F2A50D394009CE395 /* ToDoListItem.swift in Sources */,
				D7272D152A4E0608009CE395 /* NewItemView.swift in Sources */,
				D7272D272A524315009CE395 /* NewItemViewViewModel.swift in Sources */,
				D7272D2D2A52436B009CE395 /* ToDoListItemViewViewModel.swift in Sources */,
			);
			runOnlyForDeploymentPostprocessing = 0;
		};
/* End PBXSourcesBuildPhase section */

/* Begin XCBuildConfiguration section */
		D7272CFE2A4A50AE009CE395 /* Debug */ = {
			isa = XCBuildConfiguration;
			buildSettings = {
				ALWAYS_SEARCH_USER_PATHS = NO;
				CLANG_ANALYZER_NONNULL = YES;
				CLANG_ANALYZER_NUMBER_OBJECT_CONVERSION = YES_AGGRESSIVE;
				CLANG_CXX_LANGUAGE_STANDARD = "gnu++20";
				CLANG_ENABLE_MODULES = YES;
				CLANG_ENABLE_OBJC_ARC = YES;
				CLANG_ENABLE_OBJC_WEAK = YES;
				CLANG_WARN_BLOCK_CAPTURE_AUTORELEASING = YES;
				CLANG_WARN_BOOL_CONVERSION = YES;
				CLANG_WARN_COMMA = YES;
				CLANG_WARN_CONSTANT_CONVERSION = YES;
				CLANG_WARN_DEPRECATED_OBJC_IMPLEMENTATIONS = YES;
				CLANG_WARN_DIRECT_OBJC_ISA_USAGE = YES_ERROR;
				CLANG_WARN_DOCUMENTATION_COMMENTS = YES;
				CLANG_WARN_EMPTY_BODY = YES;
				CLANG_WARN_ENUM_CONVERSION = YES;
				CLANG_WARN_INFINITE_RECURSION = YES;
				CLANG_WARN_INT_CONVERSION = YES;
				CLANG_WARN_NON_LITERAL_NULL_CONVERSION = YES;
				CLANG_WARN_OBJC_IMPLICIT_RETAIN_SELF = YES;
				CLANG_WARN_OBJC_LITERAL_CONVERSION = YES;
				CLANG_WARN_OBJC_ROOT_CLASS = YES_ERROR;
				CLANG_WARN_QUOTED_INCLUDE_IN_FRAMEWORK_HEADER = YES;
				CLANG_WARN_RANGE_LOOP_ANALYSIS = YES;
				CLANG_WARN_STRICT_PROTOTYPES = YES;
				CLANG_WARN_SUSPICIOUS_MOVE = YES;
				CLANG_WARN_UNGUARDED_AVAILABILITY = YES_AGGRESSIVE;
				CLANG_WARN_UNREACHABLE_CODE = YES;
				CLANG_WARN__DUPLICATE_METHOD_MATCH = YES;
				COPY_PHASE_STRIP = NO;
				DEBUG_INFORMATION_FORMAT = dwarf;
				ENABLE_STRICT_OBJC_MSGSEND = YES;
				ENABLE_TESTABILITY = YES;
				GCC_C_LANGUAGE_STANDARD = gnu11;
				GCC_DYNAMIC_NO_PIC = NO;
				GCC_NO_COMMON_BLOCKS = YES;
				GCC_OPTIMIZATION_LEVEL = 0;
				GCC_PREPROCESSOR_DEFINITIONS = (
					"DEBUG=1",
					"$(inherited)",
				);
				GCC_WARN_64_TO_32_BIT_CONVERSION = YES;
				GCC_WARN_ABOUT_RETURN_TYPE = YES_ERROR;
				GCC_WARN_UNDECLARED_SELECTOR = YES;
				GCC_WARN_UNINITIALIZED_AUTOS = YES_AGGRESSIVE;
				GCC_WARN_UNUSED_FUNCTION = YES;
				GCC_WARN_UNUSED_VARIABLE = YES;
				IPHONEOS_DEPLOYMENT_TARGET = 16.4;
				MTL_ENABLE_DEBUG_INFO = INCLUDE_SOURCE;
				MTL_FAST_MATH = YES;
				ONLY_ACTIVE_ARCH = YES;
				SDKROOT = iphoneos;
				SWIFT_ACTIVE_COMPILATION_CONDITIONS = DEBUG;
				SWIFT_OPTIMIZATION_LEVEL = "-Onone";
			};
			name = Debug;
		};
		D7272CFF2A4A50AE009CE395 /* Release */ = {
			isa = XCBuildConfiguration;
			buildSettings = {
				ALWAYS_SEARCH_USER_PATHS = NO;
				CLANG_ANALYZER_NONNULL = YES;
				CLANG_ANALYZER_NUMBER_OBJECT_CONVERSION = YES_AGGRESSIVE;
				CLANG_CXX_LANGUAGE_STANDARD = "gnu++20";
				CLANG_ENABLE_MODULES = YES;
				CLANG_ENABLE_OBJC_ARC = YES;
				CLANG_ENABLE_OBJC_WEAK = YES;
				CLANG_WARN_BLOCK_CAPTURE_AUTORELEASING = YES;
				CLANG_WARN_BOOL_CONVERSION = YES;
				CLANG_WARN_COMMA = YES;
				CLANG_WARN_CONSTANT_CONVERSION = YES;
				CLANG_WARN_DEPRECATED_OBJC_IMPLEMENTATIONS = YES;
				CLANG_WARN_DIRECT_OBJC_ISA_USAGE = YES_ERROR;
				CLANG_WARN_DOCUMENTATION_COMMENTS = YES;
				CLANG_WARN_EMPTY_BODY = YES;
				CLANG_WARN_ENUM_CONVERSION = YES;
				CLANG_WARN_INFINITE_RECURSION = YES;
				CLANG_WARN_INT_CONVERSION = YES;
				CLANG_WARN_NON_LITERAL_NULL_CONVERSION = YES;
				CLANG_WARN_OBJC_IMPLICIT_RETAIN_SELF = YES;
				CLANG_WARN_OBJC_LITERAL_CONVERSION = YES;
				CLANG_WARN_OBJC_ROOT_CLASS = YES_ERROR;
				CLANG_WARN_QUOTED_INCLUDE_IN_FRAMEWORK_HEADER = YES;
				CLANG_WARN_RANGE_LOOP_ANALYSIS = YES;
				CLANG_WARN_STRICT_PROTOTYPES = YES;
				CLANG_WARN_SUSPICIOUS_MOVE = YES;
				CLANG_WARN_UNGUARDED_AVAILABILITY = YES_AGGRESSIVE;
				CLANG_WARN_UNREACHABLE_CODE = YES;
				CLANG_WARN__DUPLICATE_METHOD_MATCH = YES;
				COPY_PHASE_STRIP = NO;
				DEBUG_INFORMATION_FORMAT = "dwarf-with-dsym";
				ENABLE_NS_ASSERTIONS = NO;
				ENABLE_STRICT_OBJC_MSGSEND = YES;
				GCC_C_LANGUAGE_STANDARD = gnu11;
				GCC_NO_COMMON_BLOCKS = YES;
				GCC_WARN_64_TO_32_BIT_CONVERSION = YES;
				GCC_WARN_ABOUT_RETURN_TYPE = YES_ERROR;
				GCC_WARN_UNDECLARED_SELECTOR = YES;
				GCC_WARN_UNINITIALIZED_AUTOS = YES_AGGRESSIVE;
				GCC_WARN_UNUSED_FUNCTION = YES;
				GCC_WARN_UNUSED_VARIABLE = YES;
				IPHONEOS_DEPLOYMENT_TARGET = 16.4;
				MTL_ENABLE_DEBUG_INFO = NO;
				MTL_FAST_MATH = YES;
				SDKROOT = iphoneos;
				SWIFT_COMPILATION_MODE = wholemodule;
				SWIFT_OPTIMIZATION_LEVEL = "-O";
				VALIDATE_PRODUCT = YES;
			};
			name = Release;
		};
		D7272D012A4A50AE009CE395 /* Debug */ = {
			isa = XCBuildConfiguration;
			buildSettings = {
				ASSETCATALOG_COMPILER_APPICON_NAME = AppIcon;
				ASSETCATALOG_COMPILER_GLOBAL_ACCENT_COLOR_NAME = AccentColor;
				CODE_SIGN_STYLE = Automatic;
				CURRENT_PROJECT_VERSION = 1;
				DEVELOPMENT_ASSET_PATHS = "\"ToDoList/Preview Content\"";
				DEVELOPMENT_TEAM = Z4ATHXWCDV;
				ENABLE_PREVIEWS = YES;
				GENERATE_INFOPLIST_FILE = YES;
				INFOPLIST_KEY_CFBundleDisplayName = "To Do List";
				INFOPLIST_KEY_UIApplicationSceneManifest_Generation = YES;
				INFOPLIST_KEY_UIApplicationSupportsIndirectInputEvents = YES;
				INFOPLIST_KEY_UILaunchScreen_Generation = YES;
				INFOPLIST_KEY_UISupportedInterfaceOrientations = UIInterfaceOrientationPortrait;
				LD_RUNPATH_SEARCH_PATHS = (
					"$(inherited)",
					"@executable_path/Frameworks",
				);
				MARKETING_VERSION = 1.0;
				PRODUCT_BUNDLE_IDENTIFIER = com.leonardmccook.ToDoList;
				PRODUCT_NAME = "$(TARGET_NAME)";
				SWIFT_EMIT_LOC_STRINGS = YES;
				SWIFT_VERSION = 5.0;
				TARGETED_DEVICE_FAMILY = "1,2";
			};
			name = Debug;
		};
		D7272D022A4A50AE009CE395 /* Release */ = {
			isa = XCBuildConfiguration;
			buildSettings = {
				ASSETCATALOG_COMPILER_APPICON_NAME = AppIcon;
				ASSETCATALOG_COMPILER_GLOBAL_ACCENT_COLOR_NAME = AccentColor;
				CODE_SIGN_STYLE = Automatic;
				CURRENT_PROJECT_VERSION = 1;
				DEVELOPMENT_ASSET_PATHS = "\"ToDoList/Preview Content\"";
				DEVELOPMENT_TEAM = Z4ATHXWCDV;
				ENABLE_PREVIEWS = YES;
				GENERATE_INFOPLIST_FILE = YES;
				INFOPLIST_KEY_CFBundleDisplayName = "To Do List";
				INFOPLIST_KEY_UIApplicationSceneManifest_Generation = YES;
				INFOPLIST_KEY_UIApplicationSupportsIndirectInputEvents = YES;
				INFOPLIST_KEY_UILaunchScreen_Generation = YES;
				INFOPLIST_KEY_UISupportedInterfaceOrientations = UIInterfaceOrientationPortrait;
				LD_RUNPATH_SEARCH_PATHS = (
					"$(inherited)",
					"@executable_path/Frameworks",
				);
				MARKETING_VERSION = 1.0;
				PRODUCT_BUNDLE_IDENTIFIER = com.leonardmccook.ToDoList;
				PRODUCT_NAME = "$(TARGET_NAME)";
				SWIFT_EMIT_LOC_STRINGS = YES;
				SWIFT_VERSION = 5.0;
				TARGETED_DEVICE_FAMILY = "1,2";
			};
			name = Release;
		};
/* End XCBuildConfiguration section */

/* Begin XCConfigurationList section */
		D7272CED2A4A50AC009CE395 /* Build configuration list for PBXProject "ToDoList" */ = {
			isa = XCConfigurationList;
			buildConfigurations = (
				D7272CFE2A4A50AE009CE395 /* Debug */,
				D7272CFF2A4A50AE009CE395 /* Release */,
			);
			defaultConfigurationIsVisible = 0;
			defaultConfigurationName = Release;
		};
		D7272D002A4A50AE009CE395 /* Build configuration list for PBXNativeTarget "ToDoList" */ = {
			isa = XCConfigurationList;
			buildConfigurations = (
				D7272D012A4A50AE009CE395 /* Debug */,
				D7272D022A4A50AE009CE395 /* Release */,
			);
			defaultConfigurationIsVisible = 0;
			defaultConfigurationName = Release;
		};
/* End XCConfigurationList section */

/* Begin XCRemoteSwiftPackageReference section */
		D7272D032A4BB6CE009CE395 /* XCRemoteSwiftPackageReference "firebase-ios-sdk" */ = {
			isa = XCRemoteSwiftPackageReference;
			repositoryURL = "https://github.com/firebase/firebase-ios-sdk";
			requirement = {
				kind = upToNextMajorVersion;
				minimumVersion = 10.0.0;
			};
		};
/* End XCRemoteSwiftPackageReference section */

/* Begin XCSwiftPackageProductDependency section */
		D7272D042A4BB6CE009CE395 /* FirebaseAuth */ = {
			isa = XCSwiftPackageProductDependency;
			package = D7272D032A4BB6CE009CE395 /* XCRemoteSwiftPackageReference "firebase-ios-sdk" */;
			productName = FirebaseAuth;
		};
		D7272D062A4BB6CE009CE395 /* FirebaseFirestore */ = {
			isa = XCSwiftPackageProductDependency;
			package = D7272D032A4BB6CE009CE395 /* XCRemoteSwiftPackageReference "firebase-ios-sdk" */;
			productName = FirebaseFirestore;
		};
		D7272D082A4BB6CE009CE395 /* FirebaseFirestoreSwift */ = {
			isa = XCSwiftPackageProductDependency;
			package = D7272D032A4BB6CE009CE395 /* XCRemoteSwiftPackageReference "firebase-ios-sdk" */;
			productName = FirebaseFirestoreSwift;
		};
/* End XCSwiftPackageProductDependency section */
	};
	rootObject = D7272CEA2A4A50AC009CE395 /* Project object */;
}
